// !$*UTF8*$!
{
	archiveVersion = 1;
	classes = {
	};
	objectVersion = 45;
	objects = {

/* Begin PBXBuildFile section */
		1D3623260D0F684500981E51 /* sudoraceAppDelegate.m in Sources */ = {isa = PBXBuildFile; fileRef = 1D3623250D0F684500981E51 /* sudoraceAppDelegate.m */; };
		1D60589B0D05DD56006BFB54 /* main.m in Sources */ = {isa = PBXBuildFile; fileRef = 29B97316FDCFA39411CA2CEA /* main.m */; };
		1D60589F0D05DD5A006BFB54 /* Foundation.framework in Frameworks */ = {isa = PBXBuildFile; fileRef = 1D30AB110D05D00D00671497 /* Foundation.framework */; };
		1DF5F4E00D08C38300B7A737 /* UIKit.framework in Frameworks */ = {isa = PBXBuildFile; fileRef = 1DF5F4DF0D08C38300B7A737 /* UIKit.framework */; };
		288765FD0DF74451002DB57D /* CoreGraphics.framework in Frameworks */ = {isa = PBXBuildFile; fileRef = 288765FC0DF74451002DB57D /* CoreGraphics.framework */; };
		28AD733F0D9D9553002E5188 /* MainWindow.xib in Resources */ = {isa = PBXBuildFile; fileRef = 28AD733E0D9D9553002E5188 /* MainWindow.xib */; };
		70030194123E57C100F686AC /* Settings.bundle in Resources */ = {isa = PBXBuildFile; fileRef = 70030193123E57C100F686AC /* Settings.bundle */; };
		70030215123E5D8000F686AC /* SettingsViewController.m in Sources */ = {isa = PBXBuildFile; fileRef = 70030213123E5D8000F686AC /* SettingsViewController.m */; };
		70030216123E5D8000F686AC /* SettingsViewController.xib in Resources */ = {isa = PBXBuildFile; fileRef = 70030214123E5D8000F686AC /* SettingsViewController.xib */; };
		70030228123E5E6400F686AC /* DashboardViewController.m in Sources */ = {isa = PBXBuildFile; fileRef = 70030226123E5E6400F686AC /* DashboardViewController.m */; };
		70030229123E5E6400F686AC /* DashboardViewController.xib in Resources */ = {isa = PBXBuildFile; fileRef = 70030227123E5E6400F686AC /* DashboardViewController.xib */; };
		70030247123E606600F686AC /* ArenaViewController.m in Sources */ = {isa = PBXBuildFile; fileRef = 70030245123E606600F686AC /* ArenaViewController.m */; };
		70030248123E606600F686AC /* ArenaViewController.xib in Resources */ = {isa = PBXBuildFile; fileRef = 70030246123E606600F686AC /* ArenaViewController.xib */; };
		70030251123E627C00F686AC /* sudorace.png in Resources */ = {isa = PBXBuildFile; fileRef = 70030250123E627C00F686AC /* sudorace.png */; };
		7014881B123E23CF009439A7 /* Cell.m in Sources */ = {isa = PBXBuildFile; fileRef = 7014881A123E23CF009439A7 /* Cell.m */; };
		7014881C123E23CF009439A7 /* Cell.m in Sources */ = {isa = PBXBuildFile; fileRef = 7014881A123E23CF009439A7 /* Cell.m */; };
		702DCBCA12437BE400A54B41 /* SudokuException.m in Sources */ = {isa = PBXBuildFile; fileRef = 702DCBC912437BE400A54B41 /* SudokuException.m */; };
		702DCBCB12437BE400A54B41 /* SudokuException.m in Sources */ = {isa = PBXBuildFile; fileRef = 702DCBC912437BE400A54B41 /* SudokuException.m */; };
		7050691D124214D6002E52A9 /* ArenaView.m in Sources */ = {isa = PBXBuildFile; fileRef = 7050691C124214D6002E52A9 /* ArenaView.m */; };
		70534DFD123FE63300B0C9D9 /* TransparentButton.m in Sources */ = {isa = PBXBuildFile; fileRef = 70534DFC123FE63300B0C9D9 /* TransparentButton.m */; };
		705B3499123D34DC00A9A735 /* Arena.m in Sources */ = {isa = PBXBuildFile; fileRef = 705B3498123D34DC00A9A735 /* Arena.m */; };
		705B349A123D34DC00A9A735 /* Arena.m in Sources */ = {isa = PBXBuildFile; fileRef = 705B3498123D34DC00A9A735 /* Arena.m */; };
		705B349E123D357400A9A735 /* Player.m in Sources */ = {isa = PBXBuildFile; fileRef = 705B349D123D357400A9A735 /* Player.m */; };
		705B349F123D357400A9A735 /* Player.m in Sources */ = {isa = PBXBuildFile; fileRef = 705B349D123D357400A9A735 /* Player.m */; };
		705B34B7123D37E100A9A735 /* TestArena.m in Sources */ = {isa = PBXBuildFile; fileRef = 705B34B5123D37E100A9A735 /* TestArena.m */; };
		7095CCC41246408000474F45 /* CompositeSudokuException.m in Sources */ = {isa = PBXBuildFile; fileRef = 7095CCC31246408000474F45 /* CompositeSudokuException.m */; };
		7095CCC51246408000474F45 /* CompositeSudokuException.m in Sources */ = {isa = PBXBuildFile; fileRef = 7095CCC31246408000474F45 /* CompositeSudokuException.m */; };
		70BE50F1123AD23C0032918D /* GHUnitIOS.framework in Frameworks */ = {isa = PBXBuildFile; fileRef = 70BE50F0123AD23C0032918D /* GHUnitIOS.framework */; };
		70BE50F4123AD2640032918D /* CoreGraphics.framework in Frameworks */ = {isa = PBXBuildFile; fileRef = 288765FC0DF74451002DB57D /* CoreGraphics.framework */; };
		70BE50F5123AD2640032918D /* Foundation.framework in Frameworks */ = {isa = PBXBuildFile; fileRef = 1D30AB110D05D00D00671497 /* Foundation.framework */; };
		70BE50F6123AD2640032918D /* UIKit.framework in Frameworks */ = {isa = PBXBuildFile; fileRef = 1DF5F4DF0D08C38300B7A737 /* UIKit.framework */; };
		70BE50FD123AD3440032918D /* GHUnitIOSTestMain.m in Sources */ = {isa = PBXBuildFile; fileRef = 70BE50FB123AD3440032918D /* GHUnitIOSTestMain.m */; };
		70BE5122123AD6700032918D /* Grid.m in Sources */ = {isa = PBXBuildFile; fileRef = 70BE5121123AD6700032918D /* Grid.m */; };
		70BE5123123AD6700032918D /* Grid.m in Sources */ = {isa = PBXBuildFile; fileRef = 70BE5121123AD6700032918D /* Grid.m */; };
		70BE512A123AD6D10032918D /* TestGrid.m in Sources */ = {isa = PBXBuildFile; fileRef = 70BE5129123AD6D10032918D /* TestGrid.m */; };
		70C7F9521243CFA70072106C /* GridView.m in Sources */ = {isa = PBXBuildFile; fileRef = 70C7F9511243CFA70072106C /* GridView.m */; };
		70C7F9531243CFA70072106C /* GridView.m in Sources */ = {isa = PBXBuildFile; fileRef = 70C7F9511243CFA70072106C /* GridView.m */; };
		70E6A814124AB682002ED1B5 /* backsudo.png in Resources */ = {isa = PBXBuildFile; fileRef = 70E6A813124AB682002ED1B5 /* backsudo.png */; };
		70E6A818124AB7E5002ED1B5 /* sudorace2.png in Resources */ = {isa = PBXBuildFile; fileRef = 70E6A817124AB7E5002ED1B5 /* sudorace2.png */; };
		70EFBEF11242478A005127AD /* clean_code_72_color.png in Resources */ = {isa = PBXBuildFile; fileRef = 70EFBEF01242478A005127AD /* clean_code_72_color.png */; };
		70EFBEFC1242489A005127AD /* kentbeck.png in Resources */ = {isa = PBXBuildFile; fileRef = 70EFBEFA1242489A005127AD /* kentbeck.png */; };
		70EFBEFD1242489A005127AD /* st.jpg in Resources */ = {isa = PBXBuildFile; fileRef = 70EFBEFB1242489A005127AD /* st.jpg */; };
/* End PBXBuildFile section */

/* Begin PBXFileReference section */
		1D30AB110D05D00D00671497 /* Foundation.framework */ = {isa = PBXFileReference; lastKnownFileType = wrapper.framework; name = Foundation.framework; path = System/Library/Frameworks/Foundation.framework; sourceTree = SDKROOT; };
		1D3623240D0F684500981E51 /* sudoraceAppDelegate.h */ = {isa = PBXFileReference; fileEncoding = 4; lastKnownFileType = sourcecode.c.h; path = sudoraceAppDelegate.h; sourceTree = "<group>"; };
		1D3623250D0F684500981E51 /* sudoraceAppDelegate.m */ = {isa = PBXFileReference; fileEncoding = 4; lastKnownFileType = sourcecode.c.objc; path = sudoraceAppDelegate.m; sourceTree = "<group>"; };
		1D6058910D05DD3D006BFB54 /* sudorace.app */ = {isa = PBXFileReference; explicitFileType = wrapper.application; includeInIndex = 0; path = sudorace.app; sourceTree = BUILT_PRODUCTS_DIR; };
		1DF5F4DF0D08C38300B7A737 /* UIKit.framework */ = {isa = PBXFileReference; lastKnownFileType = wrapper.framework; name = UIKit.framework; path = System/Library/Frameworks/UIKit.framework; sourceTree = SDKROOT; };
		288765FC0DF74451002DB57D /* CoreGraphics.framework */ = {isa = PBXFileReference; lastKnownFileType = wrapper.framework; name = CoreGraphics.framework; path = System/Library/Frameworks/CoreGraphics.framework; sourceTree = SDKROOT; };
		28AD733E0D9D9553002E5188 /* MainWindow.xib */ = {isa = PBXFileReference; lastKnownFileType = file.xib; path = MainWindow.xib; sourceTree = "<group>"; };
		29B97316FDCFA39411CA2CEA /* main.m */ = {isa = PBXFileReference; fileEncoding = 4; lastKnownFileType = sourcecode.c.objc; path = main.m; sourceTree = "<group>"; };
		32CA4F630368D1EE00C91783 /* sudorace_Prefix.pch */ = {isa = PBXFileReference; fileEncoding = 4; lastKnownFileType = sourcecode.c.h; path = sudorace_Prefix.pch; sourceTree = "<group>"; };
		70030193123E57C100F686AC /* Settings.bundle */ = {isa = PBXFileReference; lastKnownFileType = "wrapper.plug-in"; path = Settings.bundle; sourceTree = "<group>"; };
		70030212123E5D8000F686AC /* SettingsViewController.h */ = {isa = PBXFileReference; fileEncoding = 4; lastKnownFileType = sourcecode.c.h; path = SettingsViewController.h; sourceTree = "<group>"; };
		70030213123E5D8000F686AC /* SettingsViewController.m */ = {isa = PBXFileReference; fileEncoding = 4; lastKnownFileType = sourcecode.c.objc; path = SettingsViewController.m; sourceTree = "<group>"; };
		70030214123E5D8000F686AC /* SettingsViewController.xib */ = {isa = PBXFileReference; lastKnownFileType = file.xib; name = SettingsViewController.xib; path = Classes/SettingsViewController.xib; sourceTree = "<group>"; };
		70030225123E5E6400F686AC /* DashboardViewController.h */ = {isa = PBXFileReference; fileEncoding = 4; lastKnownFileType = sourcecode.c.h; path = DashboardViewController.h; sourceTree = "<group>"; };
		70030226123E5E6400F686AC /* DashboardViewController.m */ = {isa = PBXFileReference; fileEncoding = 4; lastKnownFileType = sourcecode.c.objc; path = DashboardViewController.m; sourceTree = "<group>"; };
		70030227123E5E6400F686AC /* DashboardViewController.xib */ = {isa = PBXFileReference; lastKnownFileType = file.xib; name = DashboardViewController.xib; path = Classes/DashboardViewController.xib; sourceTree = "<group>"; };
		70030244123E606600F686AC /* ArenaViewController.h */ = {isa = PBXFileReference; fileEncoding = 4; lastKnownFileType = sourcecode.c.h; path = ArenaViewController.h; sourceTree = "<group>"; };
		70030245123E606600F686AC /* ArenaViewController.m */ = {isa = PBXFileReference; fileEncoding = 4; lastKnownFileType = sourcecode.c.objc; path = ArenaViewController.m; sourceTree = "<group>"; };
		70030246123E606600F686AC /* ArenaViewController.xib */ = {isa = PBXFileReference; lastKnownFileType = file.xib; name = ArenaViewController.xib; path = Classes/ArenaViewController.xib; sourceTree = "<group>"; };
		70030250123E627C00F686AC /* sudorace.png */ = {isa = PBXFileReference; lastKnownFileType = image.png; path = sudorace.png; sourceTree = "<group>"; };
		70148819123E23CF009439A7 /* Cell.h */ = {isa = PBXFileReference; fileEncoding = 4; lastKnownFileType = sourcecode.c.h; path = Cell.h; sourceTree = "<group>"; };
		7014881A123E23CF009439A7 /* Cell.m */ = {isa = PBXFileReference; fileEncoding = 4; lastKnownFileType = sourcecode.c.objc; path = Cell.m; sourceTree = "<group>"; };
		702DCBC812437BE400A54B41 /* SudokuException.h */ = {isa = PBXFileReference; fileEncoding = 4; lastKnownFileType = sourcecode.c.h; path = SudokuException.h; sourceTree = "<group>"; };
		702DCBC912437BE400A54B41 /* SudokuException.m */ = {isa = PBXFileReference; fileEncoding = 4; lastKnownFileType = sourcecode.c.objc; path = SudokuException.m; sourceTree = "<group>"; };
		7050691B124214D5002E52A9 /* ArenaView.h */ = {isa = PBXFileReference; fileEncoding = 4; lastKnownFileType = sourcecode.c.h; path = ArenaView.h; sourceTree = "<group>"; };
		7050691C124214D6002E52A9 /* ArenaView.m */ = {isa = PBXFileReference; fileEncoding = 4; lastKnownFileType = sourcecode.c.objc; path = ArenaView.m; sourceTree = "<group>"; };
		70534DFB123FE63300B0C9D9 /* TransparentButton.h */ = {isa = PBXFileReference; fileEncoding = 4; lastKnownFileType = sourcecode.c.h; path = TransparentButton.h; sourceTree = "<group>"; };
		70534DFC123FE63300B0C9D9 /* TransparentButton.m */ = {isa = PBXFileReference; fileEncoding = 4; lastKnownFileType = sourcecode.c.objc; path = TransparentButton.m; sourceTree = "<group>"; };
		705B3497123D34DC00A9A735 /* Arena.h */ = {isa = PBXFileReference; fileEncoding = 4; lastKnownFileType = sourcecode.c.h; path = Arena.h; sourceTree = "<group>"; };
		705B3498123D34DC00A9A735 /* Arena.m */ = {isa = PBXFileReference; fileEncoding = 4; lastKnownFileType = sourcecode.c.objc; path = Arena.m; sourceTree = "<group>"; };
		705B349C123D357400A9A735 /* Player.h */ = {isa = PBXFileReference; fileEncoding = 4; lastKnownFileType = sourcecode.c.h; path = Player.h; sourceTree = "<group>"; };
		705B349D123D357400A9A735 /* Player.m */ = {isa = PBXFileReference; fileEncoding = 4; lastKnownFileType = sourcecode.c.objc; path = Player.m; sourceTree = "<group>"; };
		705B34B4123D37E100A9A735 /* TestArena.h */ = {isa = PBXFileReference; fileEncoding = 4; lastKnownFileType = sourcecode.c.h; path = TestArena.h; sourceTree = "<group>"; };
		705B34B5123D37E100A9A735 /* TestArena.m */ = {isa = PBXFileReference; fileEncoding = 4; lastKnownFileType = sourcecode.c.objc; path = TestArena.m; sourceTree = "<group>"; };
		7095CCC21246408000474F45 /* CompositeSudokuException.h */ = {isa = PBXFileReference; fileEncoding = 4; lastKnownFileType = sourcecode.c.h; path = CompositeSudokuException.h; sourceTree = "<group>"; };
		7095CCC31246408000474F45 /* CompositeSudokuException.m */ = {isa = PBXFileReference; fileEncoding = 4; lastKnownFileType = sourcecode.c.objc; path = CompositeSudokuException.m; sourceTree = "<group>"; };
		70BE50B7123AD1990032918D /* Tests.app */ = {isa = PBXFileReference; explicitFileType = wrapper.application; includeInIndex = 0; path = Tests.app; sourceTree = BUILT_PRODUCTS_DIR; };
		70BE50B9123AD1990032918D /* Tests-Info.plist */ = {isa = PBXFileReference; lastKnownFileType = text.plist.xml; path = "Tests-Info.plist"; sourceTree = "<group>"; };
		70BE50F0123AD23C0032918D /* GHUnitIOS.framework */ = {isa = PBXFileReference; lastKnownFileType = wrapper.framework; name = GHUnitIOS.framework; path = /Users/st/gitprojects/GHUnitIOS.framework; sourceTree = "<absolute>"; };
		70BE50FB123AD3440032918D /* GHUnitIOSTestMain.m */ = {isa = PBXFileReference; fileEncoding = 4; lastKnownFileType = sourcecode.c.objc; path = GHUnitIOSTestMain.m; sourceTree = "<group>"; };
		70BE5120123AD6700032918D /* Grid.h */ = {isa = PBXFileReference; fileEncoding = 4; lastKnownFileType = sourcecode.c.h; path = Grid.h; sourceTree = "<group>"; };
		70BE5121123AD6700032918D /* Grid.m */ = {isa = PBXFileReference; fileEncoding = 4; lastKnownFileType = sourcecode.c.objc; path = Grid.m; sourceTree = "<group>"; };
		70BE5128123AD6D10032918D /* TestGrid.h */ = {isa = PBXFileReference; fileEncoding = 4; lastKnownFileType = sourcecode.c.h; path = TestGrid.h; sourceTree = "<group>"; };
		70BE5129123AD6D10032918D /* TestGrid.m */ = {isa = PBXFileReference; fileEncoding = 4; lastKnownFileType = sourcecode.c.objc; path = TestGrid.m; sourceTree = "<group>"; };
		70C7F9501243CFA70072106C /* GridView.h */ = {isa = PBXFileReference; fileEncoding = 4; lastKnownFileType = sourcecode.c.h; path = GridView.h; sourceTree = "<group>"; };
		70C7F9511243CFA70072106C /* GridView.m */ = {isa = PBXFileReference; fileEncoding = 4; lastKnownFileType = sourcecode.c.objc; path = GridView.m; sourceTree = "<group>"; };
		70E6A813124AB682002ED1B5 /* backsudo.png */ = {isa = PBXFileReference; lastKnownFileType = image.png; path = backsudo.png; sourceTree = "<group>"; };
		70E6A817124AB7E5002ED1B5 /* sudorace2.png */ = {isa = PBXFileReference; lastKnownFileType = image.png; path = sudorace2.png; sourceTree = "<group>"; };
		70EFBEF01242478A005127AD /* clean_code_72_color.png */ = {isa = PBXFileReference; lastKnownFileType = image.png; path = clean_code_72_color.png; sourceTree = "<group>"; };
		70EFBEFA1242489A005127AD /* kentbeck.png */ = {isa = PBXFileReference; lastKnownFileType = image.png; path = kentbeck.png; sourceTree = "<group>"; };
		70EFBEFB1242489A005127AD /* st.jpg */ = {isa = PBXFileReference; lastKnownFileType = image.jpeg; path = st.jpg; sourceTree = "<group>"; };
		8D1107310486CEB800E47090 /* sudorace-Info.plist */ = {isa = PBXFileReference; fileEncoding = 4; lastKnownFileType = text.plist.xml; path = "sudorace-Info.plist"; plistStructureDefinitionIdentifier = "com.apple.xcode.plist.structure-definition.iphone.info-plist"; sourceTree = "<group>"; };
/* End PBXFileReference section */

/* Begin PBXFrameworksBuildPhase section */
		1D60588F0D05DD3D006BFB54 /* Frameworks */ = {
			isa = PBXFrameworksBuildPhase;
			buildActionMask = 2147483647;
			files = (
				1D60589F0D05DD5A006BFB54 /* Foundation.framework in Frameworks */,
				1DF5F4E00D08C38300B7A737 /* UIKit.framework in Frameworks */,
				288765FD0DF74451002DB57D /* CoreGraphics.framework in Frameworks */,
			);
			runOnlyForDeploymentPostprocessing = 0;
		};
		70BE50B5123AD1990032918D /* Frameworks */ = {
			isa = PBXFrameworksBuildPhase;
			buildActionMask = 2147483647;
			files = (
				70BE50F1123AD23C0032918D /* GHUnitIOS.framework in Frameworks */,
				70BE50F4123AD2640032918D /* CoreGraphics.framework in Frameworks */,
				70BE50F5123AD2640032918D /* Foundation.framework in Frameworks */,
				70BE50F6123AD2640032918D /* UIKit.framework in Frameworks */,
			);
			runOnlyForDeploymentPostprocessing = 0;
		};
/* End PBXFrameworksBuildPhase section */

/* Begin PBXGroup section */
		080E96DDFE201D6D7F000001 /* Classes */ = {
			isa = PBXGroup;
			children = (
				70534DF9123FE61400B0C9D9 /* Views */,
				70030211123E5D5800F686AC /* Controllers */,
				70BE511B123AD4270032918D /* Model */,
				70BE50FA123AD3350032918D /* Tests */,
				1D3623240D0F684500981E51 /* sudoraceAppDelegate.h */,
				1D3623250D0F684500981E51 /* sudoraceAppDelegate.m */,
			);
			path = Classes;
			sourceTree = "<group>";
		};
		19C28FACFE9D520D11CA2CBB /* Products */ = {
			isa = PBXGroup;
			children = (
				1D6058910D05DD3D006BFB54 /* sudorace.app */,
				70BE50B7123AD1990032918D /* Tests.app */,
			);
			name = Products;
			sourceTree = "<group>";
		};
		29B97314FDCFA39411CA2CEA /* CustomTemplate */ = {
			isa = PBXGroup;
			children = (
				080E96DDFE201D6D7F000001 /* Classes */,
				29B97315FDCFA39411CA2CEA /* Other Sources */,
				29B97317FDCFA39411CA2CEA /* Resources */,
				29B97323FDCFA39411CA2CEA /* Frameworks */,
				19C28FACFE9D520D11CA2CBB /* Products */,
				70BE50B9123AD1990032918D /* Tests-Info.plist */,
				70BE50F0123AD23C0032918D /* GHUnitIOS.framework */,
			);
			name = CustomTemplate;
			sourceTree = "<group>";
		};
		29B97315FDCFA39411CA2CEA /* Other Sources */ = {
			isa = PBXGroup;
			children = (
				32CA4F630368D1EE00C91783 /* sudorace_Prefix.pch */,
				29B97316FDCFA39411CA2CEA /* main.m */,
			);
			name = "Other Sources";
			sourceTree = "<group>";
		};
		29B97317FDCFA39411CA2CEA /* Resources */ = {
			isa = PBXGroup;
			children = (
				7003024F123E627000F686AC /* images */,
				70030193123E57C100F686AC /* Settings.bundle */,
				8D1107310486CEB800E47090 /* sudorace-Info.plist */,
				28AD733E0D9D9553002E5188 /* MainWindow.xib */,
				70030246123E606600F686AC /* ArenaViewController.xib */,
				70030227123E5E6400F686AC /* DashboardViewController.xib */,
				70030214123E5D8000F686AC /* SettingsViewController.xib */,
			);
			name = Resources;
			sourceTree = "<group>";
		};
		29B97323FDCFA39411CA2CEA /* Frameworks */ = {
			isa = PBXGroup;
			children = (
				1DF5F4DF0D08C38300B7A737 /* UIKit.framework */,
				1D30AB110D05D00D00671497 /* Foundation.framework */,
				288765FC0DF74451002DB57D /* CoreGraphics.framework */,
			);
			name = Frameworks;
			sourceTree = "<group>";
		};
		70030211123E5D5800F686AC /* Controllers */ = {
			isa = PBXGroup;
			children = (
				70030244123E606600F686AC /* ArenaViewController.h */,
				70030245123E606600F686AC /* ArenaViewController.m */,
				70030225123E5E6400F686AC /* DashboardViewController.h */,
				70030226123E5E6400F686AC /* DashboardViewController.m */,
				70030212123E5D8000F686AC /* SettingsViewController.h */,
				70030213123E5D8000F686AC /* SettingsViewController.m */,
			);
			name = Controllers;
			sourceTree = "<group>";
		};
		7003024F123E627000F686AC /* images */ = {
			isa = PBXGroup;
			children = (
				70E6A817124AB7E5002ED1B5 /* sudorace2.png */,
				70E6A813124AB682002ED1B5 /* backsudo.png */,
				70EFBEF31242478F005127AD /* fakeIcons */,
				70030250123E627C00F686AC /* sudorace.png */,
			);
			name = images;
			sourceTree = "<group>";
		};
		702DCBC712437BBC00A54B41 /* Exceptions */ = {
			isa = PBXGroup;
			children = (
				702DCBC812437BE400A54B41 /* SudokuException.h */,
				702DCBC912437BE400A54B41 /* SudokuException.m */,
				7095CCC21246408000474F45 /* CompositeSudokuException.h */,
				7095CCC31246408000474F45 /* CompositeSudokuException.m */,
			);
			name = Exceptions;
			sourceTree = "<group>";
		};
		70534DF9123FE61400B0C9D9 /* Views */ = {
			isa = PBXGroup;
			children = (
				70534DFB123FE63300B0C9D9 /* TransparentButton.h */,
				70534DFC123FE63300B0C9D9 /* TransparentButton.m */,
				7050691B124214D5002E52A9 /* ArenaView.h */,
				7050691C124214D6002E52A9 /* ArenaView.m */,
				70C7F9501243CFA70072106C /* GridView.h */,
				70C7F9511243CFA70072106C /* GridView.m */,
			);
			name = Views;
			sourceTree = "<group>";
		};
		70BE50FA123AD3350032918D /* Tests */ = {
			isa = PBXGroup;
			children = (
				70BE50FB123AD3440032918D /* GHUnitIOSTestMain.m */,
				70BE5128123AD6D10032918D /* TestGrid.h */,
				70BE5129123AD6D10032918D /* TestGrid.m */,
				705B34B4123D37E100A9A735 /* TestArena.h */,
				705B34B5123D37E100A9A735 /* TestArena.m */,
			);
			name = Tests;
			sourceTree = "<group>";
		};
		70BE511B123AD4270032918D /* Model */ = {
			isa = PBXGroup;
			children = (
				702DCBC712437BBC00A54B41 /* Exceptions */,
				70BE5120123AD6700032918D /* Grid.h */,
				70BE5121123AD6700032918D /* Grid.m */,
				705B3497123D34DC00A9A735 /* Arena.h */,
				705B3498123D34DC00A9A735 /* Arena.m */,
				705B349C123D357400A9A735 /* Player.h */,
				705B349D123D357400A9A735 /* Player.m */,
				70148819123E23CF009439A7 /* Cell.h */,
				7014881A123E23CF009439A7 /* Cell.m */,
			);
			name = Model;
			sourceTree = "<group>";
		};
		70EFBEF31242478F005127AD /* fakeIcons */ = {
			isa = PBXGroup;
			children = (
				70EFBEF01242478A005127AD /* clean_code_72_color.png */,
				70EFBEFA1242489A005127AD /* kentbeck.png */,
				70EFBEFB1242489A005127AD /* st.jpg */,
			);
			name = fakeIcons;
			sourceTree = "<group>";
		};
/* End PBXGroup section */

/* Begin PBXNativeTarget section */
		1D6058900D05DD3D006BFB54 /* sudorace */ = {
			isa = PBXNativeTarget;
			buildConfigurationList = 1D6058960D05DD3E006BFB54 /* Build configuration list for PBXNativeTarget "sudorace" */;
			buildPhases = (
				1D60588D0D05DD3D006BFB54 /* Resources */,
				1D60588E0D05DD3D006BFB54 /* Sources */,
				1D60588F0D05DD3D006BFB54 /* Frameworks */,
			);
			buildRules = (
			);
			dependencies = (
			);
			name = sudorace;
			productName = sudorace;
			productReference = 1D6058910D05DD3D006BFB54 /* sudorace.app */;
			productType = "com.apple.product-type.application";
		};
		70BE50B6123AD1990032918D /* Tests */ = {
			isa = PBXNativeTarget;
			buildConfigurationList = 70BE50BC123AD19A0032918D /* Build configuration list for PBXNativeTarget "Tests" */;
			buildPhases = (
				70BE50B3123AD1990032918D /* Resources */,
				70BE50B4123AD1990032918D /* Sources */,
				70BE50B5123AD1990032918D /* Frameworks */,
			);
			buildRules = (
			);
			dependencies = (
			);
			name = Tests;
			productName = Tests;
			productReference = 70BE50B7123AD1990032918D /* Tests.app */;
			productType = "com.apple.product-type.application";
		};
/* End PBXNativeTarget section */

/* Begin PBXProject section */
		29B97313FDCFA39411CA2CEA /* Project object */ = {
			isa = PBXProject;
			buildConfigurationList = C01FCF4E08A954540054247B /* Build configuration list for PBXProject "sudorace" */;
			compatibilityVersion = "Xcode 3.1";
			developmentRegion = English;
			hasScannedForEncodings = 1;
			knownRegions = (
				English,
				Japanese,
				French,
				German,
			);
			mainGroup = 29B97314FDCFA39411CA2CEA /* CustomTemplate */;
			projectDirPath = "";
			projectRoot = "";
			targets = (
				1D6058900D05DD3D006BFB54 /* sudorace */,
				70BE50B6123AD1990032918D /* Tests */,
			);
		};
/* End PBXProject section */

/* Begin PBXResourcesBuildPhase section */
		1D60588D0D05DD3D006BFB54 /* Resources */ = {
			isa = PBXResourcesBuildPhase;
			buildActionMask = 2147483647;
			files = (
				28AD733F0D9D9553002E5188 /* MainWindow.xib in Resources */,
				70030194123E57C100F686AC /* Settings.bundle in Resources */,
				70030216123E5D8000F686AC /* SettingsViewController.xib in Resources */,
				70030229123E5E6400F686AC /* DashboardViewController.xib in Resources */,
				70030248123E606600F686AC /* ArenaViewController.xib in Resources */,
				70030251123E627C00F686AC /* sudorace.png in Resources */,
				70EFBEF11242478A005127AD /* clean_code_72_color.png in Resources */,
				70EFBEFC1242489A005127AD /* kentbeck.png in Resources */,
				70EFBEFD1242489A005127AD /* st.jpg in Resources */,
				70E6A814124AB682002ED1B5 /* backsudo.png in Resources */,
				70E6A818124AB7E5002ED1B5 /* sudorace2.png in Resources */,
			);
			runOnlyForDeploymentPostprocessing = 0;
		};
		70BE50B3123AD1990032918D /* Resources */ = {
			isa = PBXResourcesBuildPhase;
			buildActionMask = 2147483647;
			files = (
			);
			runOnlyForDeploymentPostprocessing = 0;
		};
/* End PBXResourcesBuildPhase section */

/* Begin PBXSourcesBuildPhase section */
		1D60588E0D05DD3D006BFB54 /* Sources */ = {
			isa = PBXSourcesBuildPhase;
			buildActionMask = 2147483647;
			files = (
				1D60589B0D05DD56006BFB54 /* main.m in Sources */,
				1D3623260D0F684500981E51 /* sudoraceAppDelegate.m in Sources */,
				70BE5123123AD6700032918D /* Grid.m in Sources */,
				705B3499123D34DC00A9A735 /* Arena.m in Sources */,
				705B349E123D357400A9A735 /* Player.m in Sources */,
				7014881B123E23CF009439A7 /* Cell.m in Sources */,
				70030215123E5D8000F686AC /* SettingsViewController.m in Sources */,
				70030228123E5E6400F686AC /* DashboardViewController.m in Sources */,
				70030247123E606600F686AC /* ArenaViewController.m in Sources */,
				70534DFD123FE63300B0C9D9 /* TransparentButton.m in Sources */,
				7050691D124214D6002E52A9 /* ArenaView.m in Sources */,
				702DCBCA12437BE400A54B41 /* SudokuException.m in Sources */,
				70C7F9521243CFA70072106C /* GridView.m in Sources */,
				7095CCC41246408000474F45 /* CompositeSudokuException.m in Sources */,
			);
			runOnlyForDeploymentPostprocessing = 0;
		};
		70BE50B4123AD1990032918D /* Sources */ = {
			isa = PBXSourcesBuildPhase;
			buildActionMask = 2147483647;
			files = (
				70BE50FD123AD3440032918D /* GHUnitIOSTestMain.m in Sources */,
				70BE5122123AD6700032918D /* Grid.m in Sources */,
				70BE512A123AD6D10032918D /* TestGrid.m in Sources */,
				705B349A123D34DC00A9A735 /* Arena.m in Sources */,
				705B349F123D357400A9A735 /* Player.m in Sources */,
				705B34B7123D37E100A9A735 /* TestArena.m in Sources */,
				7014881C123E23CF009439A7 /* Cell.m in Sources */,
				702DCBCB12437BE400A54B41 /* SudokuException.m in Sources */,
				70C7F9531243CFA70072106C /* GridView.m in Sources */,
				7095CCC51246408000474F45 /* CompositeSudokuException.m in Sources */,
			);
			runOnlyForDeploymentPostprocessing = 0;
		};
/* End PBXSourcesBuildPhase section */

/* Begin XCBuildConfiguration section */
		1D6058940D05DD3E006BFB54 /* Debug */ = {
			isa = XCBuildConfiguration;
			buildSettings = {
				ALWAYS_SEARCH_USER_PATHS = NO;
				COPY_PHASE_STRIP = NO;
				GCC_DYNAMIC_NO_PIC = NO;
				GCC_OPTIMIZATION_LEVEL = 0;
				GCC_PRECOMPILE_PREFIX_HEADER = YES;
				GCC_PREFIX_HEADER = sudorace_Prefix.pch;
				INFOPLIST_FILE = "sudorace-Info.plist";
				PRODUCT_NAME = sudorace;
			};
			name = Debug;
		};
		1D6058950D05DD3E006BFB54 /* Release */ = {
			isa = XCBuildConfiguration;
			buildSettings = {
				ALWAYS_SEARCH_USER_PATHS = NO;
				COPY_PHASE_STRIP = YES;
				GCC_PRECOMPILE_PREFIX_HEADER = YES;
				GCC_PREFIX_HEADER = sudorace_Prefix.pch;
				INFOPLIST_FILE = "sudorace-Info.plist";
				PRODUCT_NAME = sudorace;
				VALIDATE_PRODUCT = YES;
			};
			name = Release;
		};
		70BE50BA123AD19A0032918D /* Debug */ = {
			isa = XCBuildConfiguration;
			buildSettings = {
				ALWAYS_SEARCH_USER_PATHS = NO;
				CODE_SIGN_IDENTITY = "iPhone Developer";
				COPY_PHASE_STRIP = NO;
				FRAMEWORK_SEARCH_PATHS = (
					"$(inherited)",
					"\"$(SRCROOT)/..\"",
				);
				GCC_DYNAMIC_NO_PIC = NO;
				GCC_OPTIMIZATION_LEVEL = 0;
				GCC_PRECOMPILE_PREFIX_HEADER = YES;
				GCC_PREFIX_HEADER = "$(SYSTEM_LIBRARY_DIR)/Frameworks/UIKit.framework/Headers/UIKit.h";
				INFOPLIST_FILE = "Tests-Info.plist";
				INSTALL_PATH = "$(HOME)/Applications";
				OTHER_LDFLAGS = (
					"-all_load",
					"-ObjC",
					"-framework",
					Foundation,
					"-framework",
					UIKit,
				);
				PREBINDING = NO;
				PRODUCT_NAME = Tests;
				SDKROOT = iphoneos4.0;
			};
			name = Debug;
		};
		70BE50BB123AD19A0032918D /* Release */ = {
			isa = XCBuildConfiguration;
			buildSettings = {
				ALWAYS_SEARCH_USER_PATHS = NO;
				CODE_SIGN_IDENTITY = "iPhone Developer";
				COPY_PHASE_STRIP = YES;
				DEBUG_INFORMATION_FORMAT = "dwarf-with-dsym";
				FRAMEWORK_SEARCH_PATHS = (
					"$(inherited)",
					"\"$(SRCROOT)/..\"",
				);
				GCC_ENABLE_FIX_AND_CONTINUE = NO;
				GCC_PRECOMPILE_PREFIX_HEADER = YES;
				GCC_PREFIX_HEADER = "$(SYSTEM_LIBRARY_DIR)/Frameworks/UIKit.framework/Headers/UIKit.h";
				INFOPLIST_FILE = "Tests-Info.plist";
				INSTALL_PATH = "$(HOME)/Applications";
				OTHER_LDFLAGS = (
					"-framework",
					Foundation,
					"-framework",
					UIKit,
				);
				PREBINDING = NO;
				PRODUCT_NAME = Tests;
				SDKROOT = iphoneos4.0;
				ZERO_LINK = NO;
			};
			name = Release;
		};
		C01FCF4F08A954540054247B /* Debug */ = {
			isa = XCBuildConfiguration;
			buildSettings = {
				ARCHS = "$(ARCHS_STANDARD_32_BIT)";
				"CODE_SIGN_IDENTITY[sdk=iphoneos*]" = "iPhone Developer: Stephane Tavera (47LH35ERH4)";
				GCC_C_LANGUAGE_STANDARD = c99;
				GCC_WARN_ABOUT_RETURN_TYPE = YES;
				GCC_WARN_UNUSED_VARIABLE = YES;
				IPHONEOS_DEPLOYMENT_TARGET = 3.0;
				PREBINDING = NO;
				SDKROOT = iphonesimulator4.1;
			};
			name = Debug;
		};
		C01FCF5008A954540054247B /* Release */ = {
			isa = XCBuildConfiguration;
			buildSettings = {
				ARCHS = "$(ARCHS_STANDARD_32_BIT)";
				"CODE_SIGN_IDENTITY[sdk=iphoneos*]" = "iPhone Developer";
				GCC_C_LANGUAGE_STANDARD = c99;
				GCC_WARN_ABOUT_RETURN_TYPE = YES;
				GCC_WARN_UNUSED_VARIABLE = YES;
				OTHER_CFLAGS = "-DNS_BLOCK_ASSERTIONS=1";
				PREBINDING = NO;
				SDKROOT = iphonesimulator4.1;
			};
			name = Release;
		};
/* End XCBuildConfiguration section */

/* Begin XCConfigurationList section */
		1D6058960D05DD3E006BFB54 /* Build configuration list for PBXNativeTarget "sudorace" */ = {
			isa = XCConfigurationList;
			buildConfigurations = (
				1D6058940D05DD3E006BFB54 /* Debug */,
				1D6058950D05DD3E006BFB54 /* Release */,
			);
			defaultConfigurationIsVisible = 0;
			defaultConfigurationName = Release;
		};
		70BE50BC123AD19A0032918D /* Build configuration list for PBXNativeTarget "Tests" */ = {
			isa = XCConfigurationList;
			buildConfigurations = (
				70BE50BA123AD19A0032918D /* Debug */,
				70BE50BB123AD19A0032918D /* Release */,
			);
			defaultConfigurationIsVisible = 0;
			defaultConfigurationName = Release;
		};
		C01FCF4E08A954540054247B /* Build configuration list for PBXProject "sudorace" */ = {
			isa = XCConfigurationList;
			buildConfigurations = (
				C01FCF4F08A954540054247B /* Debug */,
				C01FCF5008A954540054247B /* Release */,
			);
			defaultConfigurationIsVisible = 0;
			defaultConfigurationName = Release;
		};
/* End XCConfigurationList section */
	};
	rootObject = 29B97313FDCFA39411CA2CEA /* Project object */;
}
